
Microsoft Visual Studio Solution File, Format Version 12.00
# Visual Studio Version 16
VisualStudioVersion = 16.0.31112.23
MinimumVisualStudioVersion = 10.0.40219.1
Project("{FAE04EC0-301F-11D3-BF4B-00C04F79EFBC}") = "Lab2", "Lab2.csproj", "{C3DEB1CC-51B2-4192-A846-C13B73756F6A}"
EndProject
Global
	GlobalSection(SolutionConfigurationPlatforms) = preSolution
		Debug|Any CPU = Debug|Any CPU
		Release|Any CPU = Release|Any CPU
	EndGlobalSection
	GlobalSection(ProjectConfigurationPlatforms) = postSolution
		{C3DEB1CC-51B2-4192-A846-C13B73756F6A}.Debug|Any CPU.ActiveCfg = Debug|Any CPU
		{C3DEB1CC-51B2-4192-A846-C13B73756F6A}.Debug|Any CPU.Build.0 = Debug|Any CPU
		{C3DEB1CC-51B2-4192-A846-C13B73756F6A}.Release|Any CPU.ActiveCfg = Release|Any CPU
		{C3DEB1CC-51B2-4192-A846-C13B73756F6A}.Release|Any CPU.Build.0 = Release|Any CPU
	EndGlobalSection
	GlobalSection(SolutionProperties) = preSolution
		HideSolutionNode = FALSE
	EndGlobalSection
	GlobalSection(ExtensibilityGlobals) = postSolution
		SolutionGuid = {4B76F690-516E-4683-8523-4A3D3F284BFD}
	EndGlobalSection
EndGlobal
